github.com/go-chi/chi/v5 v5.0.10 h1:rLz5avzKpjqxrYwXNfmjkrYYXOyLJd37pz53UFHC6vk=
github.com/go-chi/chi/v5 v5.0.10/go.mod h1:DslCQbL2OYiznFReuXYUmQ2hGd1aDpCnlMNITLSKoi8=
github.com/go-chi/httplog/v2 v2.0.8 h1:UUhxHxGvUu4OVRfXbstuKW7kH8eTRABv57/3q1baTaQ=
github.com/go-chi/httplog/v2 v2.0.8/go.mod h1:/XXdxicJsp4BA5fapgIC3VuTD+z0Z/VzukoB3VDc1YE=
github.com/lmittmann/tint v1.0.3 h1:W5PHeA2D8bBJVvabNfQD/XW9HPLZK1XoPZH0cq8NouQ=
github.com/lmittmann/tint v1.0.3/go.mod h1:HIS3gSy7qNwGCj+5oRjAutErFBl4BzdQP6cJZ0NfMwE=
github.com/samber/slog-chi v1.6.1 h1:Gx5zrbnXyeIA7ir+67O63EsLiZrMAGdoeE2tecAI2s0=
github.com/samber/slog-chi v1.6.1/go.mod h1:7qAkvO1Ip/qlIo0x7vysl4xIAtZF6CGFLtVNQDX2Nvc=
github.com/syumai/workers v0.18.0 h1:RBnOFqghALR0woeCCYumG7Zt7UDFAt51rSQJhd/hJjw=
github.com/syumai/workers v0.18.0/go.mod h1:ZnqmdiHNBrbxOLrZ/HJ5jzHy6af9cmiNZk10R9NrIEA=
go.opentelemetry.io/otel v1.19.0 h1:MuS/TNf4/j4IXsZuJegVzI1cwut7Qc00344rgH7p8bs=
go.opentelemetry.io/otel v1.19.0/go.mod h1:i0QyjOq3UPoTzff0PJB2N66fb4S0+rSbSB15/oyH9fY=
go.opentelemetry.io/otel/trace v1.19.0 h1:DFVQmlVbfVeOuBRrwdtaehRrWiL1JoVs9CPIQ1Dzxpg=
go.opentelemetry.io/otel/trace v1.19.0/go.mod h1:mfaSyvGyEJEI0nyV2I4qhNQnbBOUUmYZpYojqMnX2vo=
